<?xml version="1.0" encoding="utf-8"?>
<Project ToolsVersion="4.0" xmlns="http://schemas.microsoft.com/developer/msbuild/2003">
  <ItemGroup>
    <Filter Include="Header Files">
      <UniqueIdentifier>{79459cef-dc86-4624-bdd0-62eb55ff0a28}</UniqueIdentifier>
    </Filter>
    <Filter Include="Source Files">
      <UniqueIdentifier>{2b478601-cf62-4275-8129-a03a2447f80b}</UniqueIdentifier>
    </Filter>
    <Filter Include="Resource Files">
      <UniqueIdentifier>{be414cc8-da4e-45a2-b56b-660d9d53b363}</UniqueIdentifier>
    </Filter>
  </ItemGroup>
  <ItemGroup>
    <ClCompile Include="..\common\trilib.c">
      <Filter>Source Files</Filter>
    </ClCompile>
    <ClCompile Include="..\common\bspfile.c">
      <Filter>Source Files</Filter>
    </ClCompile>
    <ClCompile Include="..\common\cmdlib.c">
      <Filter>Source Files</Filter>
    </ClCompile>
    <ClCompile Include="..\common\l3dslib.c">
      <Filter>Source Files</Filter>
    </ClCompile>
    <ClCompile Include="..\common\lbmlib.c">
      <Filter>Source Files</Filter>
    </ClCompile>
    <ClCompile Include="..\common\mathlib.c">
      <Filter>Source Files</Filter>
    </ClCompile>
    <ClCompile Include="..\common\mdfour.c">
      <Filter>Source Files</Filter>
    </ClCompile>
    <ClCompile Include="..\common\scriplib.c">
      <Filter>Source Files</Filter>
    </ClCompile>
    <ClCompile Include="..\common\threads.c">
      <Filter>Source Files</Filter>
    </ClCompile>
    <ClCompile Include="vis\flow.c">
      <Filter>Source Files</Filter>
    </ClCompile>
    <ClCompile Include="vis\vis.c">
      <Filter>Source Files</Filter>
    </ClCompile>
  </ItemGroup>
  <ItemGroup>
    <ClInclude Include="..\common\scriplib.h">
      <Filter>Header Files</Filter>
    </ClInclude>
    <ClInclude Include="..\common\threads.h">
      <Filter>Header Files</Filter>
    </ClInclude>
    <ClInclude Include="..\common\trilib.h">
      <Filter>Header Files</Filter>
    </ClInclude>
    <ClInclude Include="..\common\bspfile.h">
      <Filter>Header Files</Filter>
    </ClInclude>
    <ClInclude Include="..\common\cmdlib.h">
      <Filter>Header Files</Filter>
    </ClInclude>
    <ClInclude Include="..\common\l3dslib.h">
      <Filter>Header Files</Filter>
    </ClInclude>
    <ClInclude Include="..\common\lbmlib.h">
      <Filter>Header Files</Filter>
    </ClInclude>
    <ClInclude Include="..\common\mathlib.h">
      <Filter>Header Files</Filter>
    </ClInclude>
    <ClInclude Include="..\common\mdfour.h">
      <Filter>Header Files</Filter>
    </ClInclude>
    <ClInclude Include="..\common\qfiles.h">
      <Filter>Header Files</Filter>
    </ClInclude>
    <ClInclude Include="vis\vis.h">
      <Filter>Header Files</Filter>
    </ClInclude>
  </ItemGroup>
</Project>